
Microsoft Visual Studio Solution File, Format Version 12.00
# Visual Studio Version 16
VisualStudioVersion = 16.0.29709.97
MinimumVisualStudioVersion = 10.0.40219.1
Project("{9A19103F-16F7-4668-BE54-9A1E7A4F7556}") = "CoreAPI", "CoreAPI.csproj", "{44FFF963-A6CD-48FD-B8EA-4EDD7962C6A6}"
EndProject
Global
	GlobalSection(SolutionConfigurationPlatforms) = preSolution
		Debug|Any CPU = Debug|Any CPU
		Release|Any CPU = Release|Any CPU
	EndGlobalSection
	GlobalSection(ProjectConfigurationPlatforms) = postSolution
		{44FFF963-A6CD-48FD-B8EA-4EDD7962C6A6}.Debug|Any CPU.ActiveCfg = Debug|Any CPU
		{44FFF963-A6CD-48FD-B8EA-4EDD7962C6A6}.Debug|Any CPU.Build.0 = Debug|Any CPU
		{44FFF963-A6CD-48FD-B8EA-4EDD7962C6A6}.Release|Any CPU.ActiveCfg = Release|Any CPU
		{44FFF963-A6CD-48FD-B8EA-4EDD7962C6A6}.Release|Any CPU.Build.0 = Release|Any CPU
	EndGlobalSection
	GlobalSection(SolutionProperties) = preSolution
		HideSolutionNode = FALSE
	EndGlobalSection
	GlobalSection(ExtensibilityGlobals) = postSolution
		SolutionGuid = {09A77CA9-B3B9-4C3B-8BA2-D4DB2AD987C3}
	EndGlobalSection
EndGlobal
